// !$*UTF8*$!
{
	archiveVersion = 1;
	classes = {
	};
	objectVersion = 46;
	objects = {

/* Begin PBXBuildFile section */
		953FD53919FAB63700837367 /* main.m in Sources */ = {isa = PBXBuildFile; fileRef = 953FD53819FAB63700837367 /* main.m */; };
		953FD53C19FAB63700837367 /* AppDelegate.m in Sources */ = {isa = PBXBuildFile; fileRef = 953FD53B19FAB63700837367 /* AppDelegate.m */; };
		953FD54219FAB63700837367 /* Main.storyboard in Resources */ = {isa = PBXBuildFile; fileRef = 953FD54019FAB63700837367 /* Main.storyboard */; };
		953FD54419FAB63700837367 /* Images.xcassets in Resources */ = {isa = PBXBuildFile; fileRef = 953FD54319FAB63700837367 /* Images.xcassets */; };
		953FD54719FAB63700837367 /* LaunchScreen.xib in Resources */ = {isa = PBXBuildFile; fileRef = 953FD54519FAB63700837367 /* LaunchScreen.xib */; };
		953FD55319FAB63700837367 /* TweedarTests.m in Sources */ = {isa = PBXBuildFile; fileRef = 953FD55219FAB63700837367 /* TweedarTests.m */; };
		953FD55E19FAB80300837367 /* TDRTweetsNearMeViewController.m in Sources */ = {isa = PBXBuildFile; fileRef = 953FD55D19FAB80300837367 /* TDRTweetsNearMeViewController.m */; };
		953FD56019FAE90400837367 /* MapKit.framework in Frameworks */ = {isa = PBXBuildFile; fileRef = 953FD55F19FAE90400837367 /* MapKit.framework */; };
		953FD56419FE7F8800837367 /* TDRTweetsController.m in Sources */ = {isa = PBXBuildFile; fileRef = 953FD56319FE7F8800837367 /* TDRTweetsController.m */; };
		953FD56719FE806B00837367 /* TDRTweet.m in Sources */ = {isa = PBXBuildFile; fileRef = 953FD56619FE806B00837367 /* TDRTweet.m */; };
		953FD56B19FE823A00837367 /* CoreLocation.framework in Frameworks */ = {isa = PBXBuildFile; fileRef = 953FD56A19FE823A00837367 /* CoreLocation.framework */; };
		953FD56D19FE861600837367 /* Accounts.framework in Frameworks */ = {isa = PBXBuildFile; fileRef = 953FD56C19FE861600837367 /* Accounts.framework */; };
		953FD56F19FE990900837367 /* Twitter.framework in Frameworks */ = {isa = PBXBuildFile; fileRef = 953FD56E19FE990900837367 /* Twitter.framework */; };
		953FD57219FED4F400837367 /* TDRTweetDetailViewController.m in Sources */ = {isa = PBXBuildFile; fileRef = 953FD57119FED4F400837367 /* TDRTweetDetailViewController.m */; };
		953FD57519FEEBA800837367 /* TDRTweetPointAnnotation.m in Sources */ = {isa = PBXBuildFile; fileRef = 953FD57419FEEBA800837367 /* TDRTweetPointAnnotation.m */; };
/* End PBXBuildFile section */

/* Begin PBXContainerItemProxy section */
		953FD54D19FAB63700837367 /* PBXContainerItemProxy */ = {
			isa = PBXContainerItemProxy;
			containerPortal = 953FD52B19FAB63600837367 /* Project object */;
			proxyType = 1;
			remoteGlobalIDString = 953FD53219FAB63700837367;
			remoteInfo = Tweedar;
		};
/* End PBXContainerItemProxy section */

/* Begin PBXFileReference section */
		953FD53319FAB63700837367 /* Tweedar.app */ = {isa = PBXFileReference; explicitFileType = wrapper.application; includeInIndex = 0; path = Tweedar.app; sourceTree = BUILT_PRODUCTS_DIR; };
		953FD53719FAB63700837367 /* Info.plist */ = {isa = PBXFileReference; lastKnownFileType = text.plist.xml; path = Info.plist; sourceTree = "<group>"; };
		953FD53819FAB63700837367 /* main.m */ = {isa = PBXFileReference; lastKnownFileType = sourcecode.c.objc; path = main.m; sourceTree = "<group>"; };
		953FD53A19FAB63700837367 /* AppDelegate.h */ = {isa = PBXFileReference; lastKnownFileType = sourcecode.c.h; path = AppDelegate.h; sourceTree = "<group>"; };
		953FD53B19FAB63700837367 /* AppDelegate.m */ = {isa = PBXFileReference; lastKnownFileType = sourcecode.c.objc; path = AppDelegate.m; sourceTree = "<group>"; };
		953FD54119FAB63700837367 /* Base */ = {isa = PBXFileReference; lastKnownFileType = file.storyboard; name = Base; path = Base.lproj/Main.storyboard; sourceTree = "<group>"; };
		953FD54319FAB63700837367 /* Images.xcassets */ = {isa = PBXFileReference; lastKnownFileType = folder.assetcatalog; path = Images.xcassets; sourceTree = "<group>"; };
		953FD54619FAB63700837367 /* Base */ = {isa = PBXFileReference; lastKnownFileType = file.xib; name = Base; path = Base.lproj/LaunchScreen.xib; sourceTree = "<group>"; };
		953FD54C19FAB63700837367 /* TweedarTests.xctest */ = {isa = PBXFileReference; explicitFileType = wrapper.cfbundle; includeInIndex = 0; path = TweedarTests.xctest; sourceTree = BUILT_PRODUCTS_DIR; };
		953FD55119FAB63700837367 /* Info.plist */ = {isa = PBXFileReference; lastKnownFileType = text.plist.xml; path = Info.plist; sourceTree = "<group>"; };
		953FD55219FAB63700837367 /* TweedarTests.m */ = {isa = PBXFileReference; lastKnownFileType = sourcecode.c.objc; path = TweedarTests.m; sourceTree = "<group>"; };
		953FD55C19FAB80300837367 /* TDRTweetsNearMeViewController.h */ = {isa = PBXFileReference; fileEncoding = 4; lastKnownFileType = sourcecode.c.h; path = TDRTweetsNearMeViewController.h; sourceTree = "<group>"; };
		953FD55D19FAB80300837367 /* TDRTweetsNearMeViewController.m */ = {isa = PBXFileReference; fileEncoding = 4; lastKnownFileType = sourcecode.c.objc; path = TDRTweetsNearMeViewController.m; sourceTree = "<group>"; };
		953FD55F19FAE90400837367 /* MapKit.framework */ = {isa = PBXFileReference; lastKnownFileType = wrapper.framework; name = MapKit.framework; path = System/Library/Frameworks/MapKit.framework; sourceTree = SDKROOT; };
		953FD56219FE7F8800837367 /* TDRTweetsController.h */ = {isa = PBXFileReference; fileEncoding = 4; lastKnownFileType = sourcecode.c.h; path = TDRTweetsController.h; sourceTree = "<group>"; };
		953FD56319FE7F8800837367 /* TDRTweetsController.m */ = {isa = PBXFileReference; fileEncoding = 4; lastKnownFileType = sourcecode.c.objc; path = TDRTweetsController.m; sourceTree = "<group>"; };
		953FD56519FE806B00837367 /* TDRTweet.h */ = {isa = PBXFileReference; fileEncoding = 4; lastKnownFileType = sourcecode.c.h; path = TDRTweet.h; sourceTree = "<group>"; };
		953FD56619FE806B00837367 /* TDRTweet.m */ = {isa = PBXFileReference; fileEncoding = 4; lastKnownFileType = sourcecode.c.objc; path = TDRTweet.m; sourceTree = "<group>"; };
		953FD56A19FE823A00837367 /* CoreLocation.framework */ = {isa = PBXFileReference; lastKnownFileType = wrapper.framework; name = CoreLocation.framework; path = System/Library/Frameworks/CoreLocation.framework; sourceTree = SDKROOT; };
		953FD56C19FE861600837367 /* Accounts.framework */ = {isa = PBXFileReference; lastKnownFileType = wrapper.framework; name = Accounts.framework; path = System/Library/Frameworks/Accounts.framework; sourceTree = SDKROOT; };
		953FD56E19FE990900837367 /* Twitter.framework */ = {isa = PBXFileReference; lastKnownFileType = wrapper.framework; name = Twitter.framework; path = System/Library/Frameworks/Twitter.framework; sourceTree = SDKROOT; };
		953FD57019FED4F400837367 /* TDRTweetDetailViewController.h */ = {isa = PBXFileReference; fileEncoding = 4; lastKnownFileType = sourcecode.c.h; path = TDRTweetDetailViewController.h; sourceTree = "<group>"; };
		953FD57119FED4F400837367 /* TDRTweetDetailViewController.m */ = {isa = PBXFileReference; fileEncoding = 4; lastKnownFileType = sourcecode.c.objc; path = TDRTweetDetailViewController.m; sourceTree = "<group>"; };
		953FD57319FEEBA800837367 /* TDRTweetPointAnnotation.h */ = {isa = PBXFileReference; fileEncoding = 4; lastKnownFileType = sourcecode.c.h; path = TDRTweetPointAnnotation.h; sourceTree = "<group>"; };
		953FD57419FEEBA800837367 /* TDRTweetPointAnnotation.m */ = {isa = PBXFileReference; fileEncoding = 4; lastKnownFileType = sourcecode.c.objc; path = TDRTweetPointAnnotation.m; sourceTree = "<group>"; };
/* End PBXFileReference section */

/* Begin PBXFrameworksBuildPhase section */
		953FD53019FAB63700837367 /* Frameworks */ = {
			isa = PBXFrameworksBuildPhase;
			buildActionMask = 2147483647;
			files = (
				953FD56F19FE990900837367 /* Twitter.framework in Frameworks */,
				953FD56D19FE861600837367 /* Accounts.framework in Frameworks */,
				953FD56B19FE823A00837367 /* CoreLocation.framework in Frameworks */,
				953FD56019FAE90400837367 /* MapKit.framework in Frameworks */,
			);
			runOnlyForDeploymentPostprocessing = 0;
		};
		953FD54919FAB63700837367 /* Frameworks */ = {
			isa = PBXFrameworksBuildPhase;
			buildActionMask = 2147483647;
			files = (
			);
			runOnlyForDeploymentPostprocessing = 0;
		};
/* End PBXFrameworksBuildPhase section */

/* Begin PBXGroup section */
		953FD52A19FAB63600837367 = {
			isa = PBXGroup;
			children = (
				953FD53519FAB63700837367 /* Tweedar */,
				953FD56119FAE91700837367 /* Frameworks */,
				953FD54F19FAB63700837367 /* TweedarTests */,
				953FD53419FAB63700837367 /* Products */,
			);
			sourceTree = "<group>";
		};
		953FD53419FAB63700837367 /* Products */ = {
			isa = PBXGroup;
			children = (
				953FD53319FAB63700837367 /* Tweedar.app */,
				953FD54C19FAB63700837367 /* TweedarTests.xctest */,
			);
			name = Products;
			sourceTree = "<group>";
		};
		953FD53519FAB63700837367 /* Tweedar */ = {
			isa = PBXGroup;
			children = (
				953FD53A19FAB63700837367 /* AppDelegate.h */,
				953FD53B19FAB63700837367 /* AppDelegate.m */,
				953FD55C19FAB80300837367 /* TDRTweetsNearMeViewController.h */,
				953FD55D19FAB80300837367 /* TDRTweetsNearMeViewController.m */,
				953FD56219FE7F8800837367 /* TDRTweetsController.h */,
				953FD56319FE7F8800837367 /* TDRTweetsController.m */,
				953FD56519FE806B00837367 /* TDRTweet.h */,
				953FD56619FE806B00837367 /* TDRTweet.m */,
				953FD57019FED4F400837367 /* TDRTweetDetailViewController.h */,
				953FD57119FED4F400837367 /* TDRTweetDetailViewController.m */,
				953FD57319FEEBA800837367 /* TDRTweetPointAnnotation.h */,
				953FD57419FEEBA800837367 /* TDRTweetPointAnnotation.m */,
				953FD54019FAB63700837367 /* Main.storyboard */,
				953FD54319FAB63700837367 /* Images.xcassets */,
				953FD54519FAB63700837367 /* LaunchScreen.xib */,
				953FD53619FAB63700837367 /* Supporting Files */,
			);
			path = Tweedar;
			sourceTree = "<group>";
		};
		953FD53619FAB63700837367 /* Supporting Files */ = {
			isa = PBXGroup;
			children = (
				953FD53719FAB63700837367 /* Info.plist */,
				953FD53819FAB63700837367 /* main.m */,
			);
			name = "Supporting Files";
			sourceTree = "<group>";
		};
		953FD54F19FAB63700837367 /* TweedarTests */ = {
			isa = PBXGroup;
			children = (
				953FD55219FAB63700837367 /* TweedarTests.m */,
				953FD55019FAB63700837367 /* Supporting Files */,
			);
			path = TweedarTests;
			sourceTree = "<group>";
		};
		953FD55019FAB63700837367 /* Supporting Files */ = {
			isa = PBXGroup;
			children = (
				953FD55119FAB63700837367 /* Info.plist */,
			);
			name = "Supporting Files";
			sourceTree = "<group>";
		};
		953FD56119FAE91700837367 /* Frameworks */ = {
			isa = PBXGroup;
			children = (
				953FD56E19FE990900837367 /* Twitter.framework */,
				953FD56C19FE861600837367 /* Accounts.framework */,
				953FD56A19FE823A00837367 /* CoreLocation.framework */,
				953FD55F19FAE90400837367 /* MapKit.framework */,
			);
			name = Frameworks;
			sourceTree = "<group>";
		};
/* End PBXGroup section */

/* Begin PBXNativeTarget section */
		953FD53219FAB63700837367 /* Tweedar */ = {
			isa = PBXNativeTarget;
			buildConfigurationList = 953FD55619FAB63800837367 /* Build configuration list for PBXNativeTarget "Tweedar" */;
			buildPhases = (
				953FD52F19FAB63700837367 /* Sources */,
				953FD53019FAB63700837367 /* Frameworks */,
				953FD53119FAB63700837367 /* Resources */,
			);
			buildRules = (
			);
			dependencies = (
			);
			name = Tweedar;
			productName = Tweedar;
			productReference = 953FD53319FAB63700837367 /* Tweedar.app */;
			productType = "com.apple.product-type.application";
		};
		953FD54B19FAB63700837367 /* TweedarTests */ = {
			isa = PBXNativeTarget;
			buildConfigurationList = 953FD55919FAB63800837367 /* Build configuration list for PBXNativeTarget "TweedarTests" */;
			buildPhases = (
				953FD54819FAB63700837367 /* Sources */,
				953FD54919FAB63700837367 /* Frameworks */,
				953FD54A19FAB63700837367 /* Resources */,
			);
			buildRules = (
			);
			dependencies = (
				953FD54E19FAB63700837367 /* PBXTargetDependency */,
			);
			name = TweedarTests;
			productName = TweedarTests;
			productReference = 953FD54C19FAB63700837367 /* TweedarTests.xctest */;
			productType = "com.apple.product-type.bundle.unit-test";
		};
/* End PBXNativeTarget section */

/* Begin PBXProject section */
		953FD52B19FAB63600837367 /* Project object */ = {
			isa = PBXProject;
			attributes = {
				LastUpgradeCheck = 0600;
				ORGANIZATIONNAME = "Appivot LLC";
				TargetAttributes = {
					953FD53219FAB63700837367 = {
						CreatedOnToolsVersion = 6.0.1;
					};
					953FD54B19FAB63700837367 = {
						CreatedOnToolsVersion = 6.0.1;
						TestTargetID = 953FD53219FAB63700837367;
					};
				};
			};
			buildConfigurationList = 953FD52E19FAB63700837367 /* Build configuration list for PBXProject "Tweedar" */;
			compatibilityVersion = "Xcode 3.2";
			developmentRegion = English;
			hasScannedForEncodings = 0;
			knownRegions = (
				en,
				Base,
			);
			mainGroup = 953FD52A19FAB63600837367;
			productRefGroup = 953FD53419FAB63700837367 /* Products */;
			projectDirPath = "";
			projectRoot = "";
			targets = (
				953FD53219FAB63700837367 /* Tweedar */,
				953FD54B19FAB63700837367 /* TweedarTests */,
			);
		};
/* End PBXProject section */

/* Begin PBXResourcesBuildPhase section */
		953FD53119FAB63700837367 /* Resources */ = {
			isa = PBXResourcesBuildPhase;
			buildActionMask = 2147483647;
			files = (
				953FD54219FAB63700837367 /* Main.storyboard in Resources */,
				953FD54719FAB63700837367 /* LaunchScreen.xib in Resources */,
				953FD54419FAB63700837367 /* Images.xcassets in Resources */,
			);
			runOnlyForDeploymentPostprocessing = 0;
		};
		953FD54A19FAB63700837367 /* Resources */ = {
			isa = PBXResourcesBuildPhase;
			buildActionMask = 2147483647;
			files = (
			);
			runOnlyForDeploymentPostprocessing = 0;
		};
/* End PBXResourcesBuildPhase section */

/* Begin PBXSourcesBuildPhase section */
		953FD52F19FAB63700837367 /* Sources */ = {
			isa = PBXSourcesBuildPhase;
			buildActionMask = 2147483647;
			files = (
				953FD53C19FAB63700837367 /* AppDelegate.m in Sources */,
				953FD56419FE7F8800837367 /* TDRTweetsController.m in Sources */,
				953FD56719FE806B00837367 /* TDRTweet.m in Sources */,
				953FD57519FEEBA800837367 /* TDRTweetPointAnnotation.m in Sources */,
				953FD53919FAB63700837367 /* main.m in Sources */,
				953FD55E19FAB80300837367 /* TDRTweetsNearMeViewController.m in Sources */,
				953FD57219FED4F400837367 /* TDRTweetDetailViewController.m in Sources */,
			);
			runOnlyForDeploymentPostprocessing = 0;
		};
		953FD54819FAB63700837367 /* Sources */ = {
			isa = PBXSourcesBuildPhase;
			buildActionMask = 2147483647;
			files = (
				953FD55319FAB63700837367 /* TweedarTests.m in Sources */,
			);
			runOnlyForDeploymentPostprocessing = 0;
		};
/* End PBXSourcesBuildPhase section */

/* Begin PBXTargetDependency section */
		953FD54E19FAB63700837367 /* PBXTargetDependency */ = {
			isa = PBXTargetDependency;
			target = 953FD53219FAB63700837367 /* Tweedar */;
			targetProxy = 953FD54D19FAB63700837367 /* PBXContainerItemProxy */;
		};
/* End PBXTargetDependency section */

/* Begin PBXVariantGroup section */
		953FD54019FAB63700837367 /* Main.storyboard */ = {
			isa = PBXVariantGroup;
			children = (
				953FD54119FAB63700837367 /* Base */,
			);
			name = Main.storyboard;
			sourceTree = "<group>";
		};
		953FD54519FAB63700837367 /* LaunchScreen.xib */ = {
			isa = PBXVariantGroup;
			children = (
				953FD54619FAB63700837367 /* Base */,
			);
			name = LaunchScreen.xib;
			sourceTree = "<group>";
		};
/* End PBXVariantGroup section */

/* Begin XCBuildConfiguration section */
		953FD55419FAB63700837367 /* Debug */ = {
			isa = XCBuildConfiguration;
			buildSettings = {
				ALWAYS_SEARCH_USER_PATHS = NO;
				CLANG_CXX_LANGUAGE_STANDARD = "gnu++0x";
				CLANG_CXX_LIBRARY = "libc++";
				CLANG_ENABLE_MODULES = YES;
				CLANG_ENABLE_OBJC_ARC = YES;
				CLANG_WARN_BOOL_CONVERSION = YES;
				CLANG_WARN_CONSTANT_CONVERSION = YES;
				CLANG_WARN_DIRECT_OBJC_ISA_USAGE = YES_ERROR;
				CLANG_WARN_EMPTY_BODY = YES;
				CLANG_WARN_ENUM_CONVERSION = YES;
				CLANG_WARN_INT_CONVERSION = YES;
				CLANG_WARN_OBJC_ROOT_CLASS = YES_ERROR;
				CLANG_WARN_UNREACHABLE_CODE = YES;
				CLANG_WARN__DUPLICATE_METHOD_MATCH = YES;
				"CODE_SIGN_IDENTITY[sdk=iphoneos*]" = "iPhone Developer";
				COPY_PHASE_STRIP = NO;
				ENABLE_STRICT_OBJC_MSGSEND = YES;
				GCC_C_LANGUAGE_STANDARD = gnu99;
				GCC_DYNAMIC_NO_PIC = NO;
				GCC_OPTIMIZATION_LEVEL = 0;
				GCC_PREPROCESSOR_DEFINITIONS = (
					"DEBUG=1",
					"$(inherited)",
				);
				GCC_SYMBOLS_PRIVATE_EXTERN = NO;
				GCC_WARN_64_TO_32_BIT_CONVERSION = YES;
				GCC_WARN_ABOUT_RETURN_TYPE = YES_ERROR;
				GCC_WARN_UNDECLARED_SELECTOR = YES;
				GCC_WARN_UNINITIALIZED_AUTOS = YES_AGGRESSIVE;
				GCC_WARN_UNUSED_FUNCTION = YES;
				GCC_WARN_UNUSED_VARIABLE = YES;
				IPHONEOS_DEPLOYMENT_TARGET = 7.1;
				MTL_ENABLE_DEBUG_INFO = YES;
				ONLY_ACTIVE_ARCH = YES;
				SDKROOT = iphoneos;
			};
			name = Debug;
		};
		953FD55519FAB63700837367 /* Release */ = {
			isa = XCBuildConfiguration;
			buildSettings = {
				ALWAYS_SEARCH_USER_PATHS = NO;
				CLANG_CXX_LANGUAGE_STANDARD = "gnu++0x";
				CLANG_CXX_LIBRARY = "libc++";
				CLANG_ENABLE_MODULES = YES;
				CLANG_ENABLE_OBJC_ARC = YES;
				CLANG_WARN_BOOL_CONVERSION = YES;
				CLANG_WARN_CONSTANT_CONVERSION = YES;
				CLANG_WARN_DIRECT_OBJC_ISA_USAGE = YES_ERROR;
				CLANG_WARN_EMPTY_BODY = YES;
				CLANG_WARN_ENUM_CONVERSION = YES;
				CLANG_WARN_INT_CONVERSION = YES;
				CLANG_WARN_OBJC_ROOT_CLASS = YES_ERROR;
				CLANG_WARN_UNREACHABLE_CODE = YES;
				CLANG_WARN__DUPLICATE_METHOD_MATCH = YES;
				"CODE_SIGN_IDENTITY[sdk=iphoneos*]" = "iPhone Developer";
				COPY_PHASE_STRIP = YES;
				ENABLE_NS_ASSERTIONS = NO;
				ENABLE_STRICT_OBJC_MSGSEND = YES;
				GCC_C_LANGUAGE_STANDARD = gnu99;
				GCC_WARN_64_TO_32_BIT_CONVERSION = YES;
				GCC_WARN_ABOUT_RETURN_TYPE = YES_ERROR;
				GCC_WARN_UNDECLARED_SELECTOR = YES;
				GCC_WARN_UNINITIALIZED_AUTOS = YES_AGGRESSIVE;
				GCC_WARN_UNUSED_FUNCTION = YES;
				GCC_WARN_UNUSED_VARIABLE = YES;
				IPHONEOS_DEPLOYMENT_TARGET = 7.1;
				MTL_ENABLE_DEBUG_INFO = NO;
				SDKROOT = iphoneos;
				VALIDATE_PRODUCT = YES;
			};
			name = Release;
		};
		953FD55719FAB63800837367 /* Debug */ = {
			isa = XCBuildConfiguration;
			buildSettings = {
				ASSETCATALOG_COMPILER_APPICON_NAME = AppIcon;
				INFOPLIST_FILE = Tweedar/Info.plist;
				IPHONEOS_DEPLOYMENT_TARGET = 7.1;
				LD_RUNPATH_SEARCH_PATHS = "$(inherited) @executable_path/Frameworks";
				PRODUCT_NAME = "$(TARGET_NAME)";
			};
			name = Debug;
		};
		953FD55819FAB63800837367 /* Release */ = {
			isa = XCBuildConfiguration;
			buildSettings = {
				ASSETCATALOG_COMPILER_APPICON_NAME = AppIcon;
				INFOPLIST_FILE = Tweedar/Info.plist;
				IPHONEOS_DEPLOYMENT_TARGET = 7.1;
				LD_RUNPATH_SEARCH_PATHS = "$(inherited) @executable_path/Frameworks";
				PRODUCT_NAME = "$(TARGET_NAME)";
			};
			name = Release;
		};
		953FD55A19FAB63800837367 /* Debug */ = {
			isa = XCBuildConfiguration;
			buildSettings = {
				BUNDLE_LOADER = "$(TEST_HOST)";
				FRAMEWORK_SEARCH_PATHS = (
					"$(SDKROOT)/Developer/Library/Frameworks",
					"$(inherited)",
				);
				GCC_PREPROCESSOR_DEFINITIONS = (
					"DEBUG=1",
					"$(inherited)",
				);
				INFOPLIST_FILE = TweedarTests/Info.plist;
				LD_RUNPATH_SEARCH_PATHS = "$(inherited) @executable_path/Frameworks @loader_path/Frameworks";
				PRODUCT_NAME = "$(TARGET_NAME)";
				TEST_HOST = "$(BUILT_PRODUCTS_DIR)/Tweedar.app/Tweedar";
			};
			name = Debug;
		};
		953FD55B19FAB63800837367 /* Release */ = {
			isa = XCBuildConfiguration;
			buildSettings = {
				BUNDLE_LOADER = "$(TEST_HOST)";
				FRAMEWORK_SEARCH_PATHS = (
					"$(SDKROOT)/Developer/Library/Frameworks",
					"$(inherited)",
				);
				INFOPLIST_FILE = TweedarTests/Info.plist;
				LD_RUNPATH_SEARCH_PATHS = "$(inherited) @executable_path/Frameworks @loader_path/Frameworks";
				PRODUCT_NAME = "$(TARGET_NAME)";
				TEST_HOST = "$(BUILT_PRODUCTS_DIR)/Tweedar.app/Tweedar";
			};
			name = Release;
		};
/* End XCBuildConfiguration section */

/* Begin XCConfigurationList section */
		953FD52E19FAB63700837367 /* Build configuration list for PBXProject "Tweedar" */ = {
			isa = XCConfigurationList;
			buildConfigurations = (
				953FD55419FAB63700837367 /* Debug */,
				953FD55519FAB63700837367 /* Release */,
			);
			defaultConfigurationIsVisible = 0;
			defaultConfigurationName = Release;
		};
		953FD55619FAB63800837367 /* Build configuration list for PBXNativeTarget "Tweedar" */ = {
			isa = XCConfigurationList;
			buildConfigurations = (
				953FD55719FAB63800837367 /* Debug */,
				953FD55819FAB63800837367 /* Release */,
			);
			defaultConfigurationIsVisible = 0;
			defaultConfigurationName = Release;
		};
		953FD55919FAB63800837367 /* Build configuration list for PBXNativeTarget "TweedarTests" */ = {
			isa = XCConfigurationList;
			buildConfigurations = (
				953FD55A19FAB63800837367 /* Debug */,
				953FD55B19FAB63800837367 /* Release */,
			);
			defaultConfigurationIsVisible = 0;
			defaultConfigurationName = Release;
		};
/* End XCConfigurationList section */
	};
	rootObject = 953FD52B19FAB63600837367 /* Project object */;
}
